
Microsoft Visual Studio Solution File, Format Version 11.00
# Visual Studio 2010
Project("{8BC9CEB8-8B4A-11D0-8D11-00A0C91BC942}") = "NeheGlut06", "NeheGlut06.vcxproj", "{1BC4E707-49FB-48E7-98F8-0467556CE425}"
EndProject
Global
	GlobalSection(SolutionConfigurationPlatforms) = preSolution
		Debug|Win32 = Debug|Win32
		Release|Win32 = Release|Win32
	EndGlobalSection
	GlobalSection(ProjectConfigurationPlatforms) = postSolution
		{1BC4E707-49FB-48E7-98F8-0467556CE425}.Debug|Win32.ActiveCfg = Debug|Win32
		{1BC4E707-49FB-48E7-98F8-0467556CE425}.Debug|Win32.Build.0 = Debug|Win32
		{1BC4E707-49FB-48E7-98F8-0467556CE425}.Release|Win32.ActiveCfg = Release|Win32
		{1BC4E707-49FB-48E7-98F8-0467556CE425}.Release|Win32.Build.0 = Release|Win32
	EndGlobalSection
	GlobalSection(SolutionProperties) = preSolution
		HideSolutionNode = FALSE
	EndGlobalSection
EndGlobal
